
Microsoft Visual Studio Solution File, Format Version 12.00
# Visual Studio Version 17
VisualStudioVersion = 17.9.34723.18
MinimumVisualStudioVersion = 10.0.40219.1
Project("{8BC9CEB8-8B4A-11D0-8D11-00A0C91BC942}") = "descending_order_function_sortation", "descending_order_function_sortation.vcxproj", "{745C3868-A5B5-4390-B775-3C9145539D28}"
EndProject
Global
	GlobalSection(SolutionConfigurationPlatforms) = preSolution
		Debug|x64 = Debug|x64
		Debug|x86 = Debug|x86
		Release|x64 = Release|x64
		Release|x86 = Release|x86
	EndGlobalSection
	GlobalSection(ProjectConfigurationPlatforms) = postSolution
		{745C3868-A5B5-4390-B775-3C9145539D28}.Debug|x64.ActiveCfg = Debug|x64
		{745C3868-A5B5-4390-B775-3C9145539D28}.Debug|x64.Build.0 = Debug|x64
		{745C3868-A5B5-4390-B775-3C9145539D28}.Debug|x86.ActiveCfg = Debug|Win32
		{745C3868-A5B5-4390-B775-3C9145539D28}.Debug|x86.Build.0 = Debug|Win32
		{745C3868-A5B5-4390-B775-3C9145539D28}.Release|x64.ActiveCfg = Release|x64
		{745C3868-A5B5-4390-B775-3C9145539D28}.Release|x64.Build.0 = Release|x64
		{745C3868-A5B5-4390-B775-3C9145539D28}.Release|x86.ActiveCfg = Release|Win32
		{745C3868-A5B5-4390-B775-3C9145539D28}.Release|x86.Build.0 = Release|Win32
	EndGlobalSection
	GlobalSection(SolutionProperties) = preSolution
		HideSolutionNode = FALSE
	EndGlobalSection
	GlobalSection(ExtensibilityGlobals) = postSolution
		SolutionGuid = {AB42AD4D-78E1-4E92-AA17-B1FC91E87010}
	EndGlobalSection
EndGlobal
